{
  "name": "GoExpress",
  "version": "1.0.0",
  "lockfileVersion": 1,
  "requires": true,
  "dependencies": {
    "lin-ui": {
      "version": "0.7.6",
      "resolved": "https://registry.npm.taobao.org/lin-ui/download/lin-ui-0.7.6.tgz",
      "integrity": "sha1-eYKJnslxoN5M7PvNby2fUIZBfX0="
    }
  }
}
